
Microsoft Visual Studio Solution File, Format Version 12.00
# Visual Studio Version 16
VisualStudioVersion = 16.0.29411.108
MinimumVisualStudioVersion = 10.0.40219.1
Project("{FAE04EC0-301F-11D3-BF4B-00C04F79EFBC}") = "EventDemo.UI", "EventDemo.UI\EventDemo.UI.csproj", "{DD1C46D5-F1A2-449D-9E67-79DCC9E055C6}"
EndProject
Project("{FAE04EC0-301F-11D3-BF4B-00C04F79EFBC}") = "EventDemo.Logic", "EventDemo.Logic\EventDemo.Logic.csproj", "{61290B42-4679-4279-A9C8-630D59A3DFF1}"
EndProject
Global
	GlobalSection(SolutionConfigurationPlatforms) = preSolution
		Debug|Any CPU = Debug|Any CPU
		Release|Any CPU = Release|Any CPU
	EndGlobalSection
	GlobalSection(ProjectConfigurationPlatforms) = postSolution
		{DD1C46D5-F1A2-449D-9E67-79DCC9E055C6}.Debug|Any CPU.ActiveCfg = Debug|Any CPU
		{DD1C46D5-F1A2-449D-9E67-79DCC9E055C6}.Debug|Any CPU.Build.0 = Debug|Any CPU
		{DD1C46D5-F1A2-449D-9E67-79DCC9E055C6}.Release|Any CPU.ActiveCfg = Release|Any CPU
		{DD1C46D5-F1A2-449D-9E67-79DCC9E055C6}.Release|Any CPU.Build.0 = Release|Any CPU
		{61290B42-4679-4279-A9C8-630D59A3DFF1}.Debug|Any CPU.ActiveCfg = Debug|Any CPU
		{61290B42-4679-4279-A9C8-630D59A3DFF1}.Debug|Any CPU.Build.0 = Debug|Any CPU
		{61290B42-4679-4279-A9C8-630D59A3DFF1}.Release|Any CPU.ActiveCfg = Release|Any CPU
		{61290B42-4679-4279-A9C8-630D59A3DFF1}.Release|Any CPU.Build.0 = Release|Any CPU
	EndGlobalSection
	GlobalSection(SolutionProperties) = preSolution
		HideSolutionNode = FALSE
	EndGlobalSection
	GlobalSection(ExtensibilityGlobals) = postSolution
		SolutionGuid = {ED948459-3C68-44BA-9A37-EBAB4E67E058}
	EndGlobalSection
EndGlobal
